dependencies:
  espressif/mpu6050:
    component_hash: 3370b55e3c1337c0a80c8cd833bf48c0ba61cf9f7d226856ae88abb61eba1d67
    dependencies:
    - name: idf
      require: private
      version: '>=4.0'
    source:
      registry_url: https://components.espressif.com/
      type: service
    version: 1.2.1
  idf:
    source:
      type: idf
    version: 6.1.0
direct_dependencies:
- espressif/mpu6050
- idf
manifest_hash: 156eb910a384c867c733fda77ee8f951fa91018114ba30d22bf863c8bf321393
target: esp32s3
version: 3.0.0
